
Microsoft Visual Studio Solution File, Format Version 12.00
# Visual Studio Version 17
VisualStudioVersion = 17.5.33516.290
MinimumVisualStudioVersion = 10.0.40219.1
Project("{9A19103F-16F7-4668-BE54-9A1E7A4F7556}") = "SacredBond.App", "SacredBond.App\SacredBond.App.csproj", "{559F5AB4-6335-4BA7-94B7-77C6DEC1D0F7}"
EndProject
Project("{9A19103F-16F7-4668-BE54-9A1E7A4F7556}") = "SacredBond.Core", "SacredBond.Core\SacredBond.Core.csproj", "{F3BE946F-405C-43D2-B830-7EB12509D778}"
EndProject
Project("{9A19103F-16F7-4668-BE54-9A1E7A4F7556}") = "SacredBond.Common", "SacredBond.Common\SacredBond.Common.csproj", "{E6094330-99B5-4179-BE22-2CB3E6C7D15C}"
EndProject
Project("{FAE04EC0-301F-11D3-BF4B-00C04F79EFBC}") = "SacredBondFaker", "SacredBondFaker\SacredBondFaker.csproj", "{DD095836-1C72-4E6C-8635-3002D12A3710}"
EndProject
Global
	GlobalSection(SolutionConfigurationPlatforms) = preSolution
		Debug|Any CPU = Debug|Any CPU
		Release|Any CPU = Release|Any CPU
	EndGlobalSection
	GlobalSection(ProjectConfigurationPlatforms) = postSolution
		{559F5AB4-6335-4BA7-94B7-77C6DEC1D0F7}.Debug|Any CPU.ActiveCfg = Debug|Any CPU
		{559F5AB4-6335-4BA7-94B7-77C6DEC1D0F7}.Debug|Any CPU.Build.0 = Debug|Any CPU
		{559F5AB4-6335-4BA7-94B7-77C6DEC1D0F7}.Release|Any CPU.ActiveCfg = Release|Any CPU
		{559F5AB4-6335-4BA7-94B7-77C6DEC1D0F7}.Release|Any CPU.Build.0 = Release|Any CPU
		{F3BE946F-405C-43D2-B830-7EB12509D778}.Debug|Any CPU.ActiveCfg = Debug|Any CPU
		{F3BE946F-405C-43D2-B830-7EB12509D778}.Debug|Any CPU.Build.0 = Debug|Any CPU
		{F3BE946F-405C-43D2-B830-7EB12509D778}.Release|Any CPU.ActiveCfg = Release|Any CPU
		{F3BE946F-405C-43D2-B830-7EB12509D778}.Release|Any CPU.Build.0 = Release|Any CPU
		{E6094330-99B5-4179-BE22-2CB3E6C7D15C}.Debug|Any CPU.ActiveCfg = Debug|Any CPU
		{E6094330-99B5-4179-BE22-2CB3E6C7D15C}.Debug|Any CPU.Build.0 = Debug|Any CPU
		{E6094330-99B5-4179-BE22-2CB3E6C7D15C}.Release|Any CPU.ActiveCfg = Release|Any CPU
		{E6094330-99B5-4179-BE22-2CB3E6C7D15C}.Release|Any CPU.Build.0 = Release|Any CPU
		{DD095836-1C72-4E6C-8635-3002D12A3710}.Debug|Any CPU.ActiveCfg = Debug|Any CPU
		{DD095836-1C72-4E6C-8635-3002D12A3710}.Debug|Any CPU.Build.0 = Debug|Any CPU
		{DD095836-1C72-4E6C-8635-3002D12A3710}.Release|Any CPU.ActiveCfg = Release|Any CPU
		{DD095836-1C72-4E6C-8635-3002D12A3710}.Release|Any CPU.Build.0 = Release|Any CPU
	EndGlobalSection
	GlobalSection(SolutionProperties) = preSolution
		HideSolutionNode = FALSE
	EndGlobalSection
	GlobalSection(ExtensibilityGlobals) = postSolution
		SolutionGuid = {5A5D5E46-FAF0-48EE-8018-37AC928E79FC}
	EndGlobalSection
EndGlobal
